
Microsoft Visual Studio Solution File, Format Version 12.00
# Visual Studio Version 17
VisualStudioVersion = 17.9.34616.47
MinimumVisualStudioVersion = 10.0.40219.1
Project("{FAE04EC0-301F-11D3-BF4B-00C04F79EFBC}") = "SingnalR Example", "SingnalR Example\SingnalR Example.csproj", "{EA8E8826-29C0-43F7-9124-FAFAD44DA072}"
EndProject
Global
	GlobalSection(SolutionConfigurationPlatforms) = preSolution
		Debug|Any CPU = Debug|Any CPU
		Release|Any CPU = Release|Any CPU
	EndGlobalSection
	GlobalSection(ProjectConfigurationPlatforms) = postSolution
		{EA8E8826-29C0-43F7-9124-FAFAD44DA072}.Debug|Any CPU.ActiveCfg = Debug|Any CPU
		{EA8E8826-29C0-43F7-9124-FAFAD44DA072}.Debug|Any CPU.Build.0 = Debug|Any CPU
		{EA8E8826-29C0-43F7-9124-FAFAD44DA072}.Release|Any CPU.ActiveCfg = Release|Any CPU
		{EA8E8826-29C0-43F7-9124-FAFAD44DA072}.Release|Any CPU.Build.0 = Release|Any CPU
	EndGlobalSection
	GlobalSection(SolutionProperties) = preSolution
		HideSolutionNode = FALSE
	EndGlobalSection
	GlobalSection(ExtensibilityGlobals) = postSolution
		SolutionGuid = {2B187D37-2973-4BAA-80FC-ABC83B958D04}
	EndGlobalSection
EndGlobal
